
Microsoft Visual Studio Solution File, Format Version 12.00
Project("{FAE04EC0-301F-11D3-BF4B-00C04F79EFBC}") = "MaJIangNet", "MaJIangNet\MaJIangNet.csproj", "{C21D05FE-3289-4865-9093-E1BC38582DDB}"
EndProject
Global
	GlobalSection(SolutionConfigurationPlatforms) = preSolution
		Debug|Any CPU = Debug|Any CPU
		Release|Any CPU = Release|Any CPU
	EndGlobalSection
	GlobalSection(ProjectConfigurationPlatforms) = postSolution
		{C21D05FE-3289-4865-9093-E1BC38582DDB}.Debug|Any CPU.ActiveCfg = Debug|Any CPU
		{C21D05FE-3289-4865-9093-E1BC38582DDB}.Debug|Any CPU.Build.0 = Debug|Any CPU
		{C21D05FE-3289-4865-9093-E1BC38582DDB}.Release|Any CPU.ActiveCfg = Release|Any CPU
		{C21D05FE-3289-4865-9093-E1BC38582DDB}.Release|Any CPU.Build.0 = Release|Any CPU
	EndGlobalSection
EndGlobal
